Microsoft Visual Studio Solution File, Format Version 12.00
# Visual Studio Version 17
VisualStudioVersion = 17.5.2.0
MinimumVisualStudioVersion = 10.0.40219.1
Project("{FAE04EC0-301F-11D3-BF4B-00C04F79EFBC}") = "SpendTrackrTeleBot", "SpendTrackrTeleBot.csproj", "{BC19004C-57C3-FB81-51F9-5810D4BDB8EF}"
EndProject
Global
	GlobalSection(SolutionConfigurationPlatforms) = preSolution
		Debug|Any CPU = Debug|Any CPU
		Release|Any CPU = Release|Any CPU
	EndGlobalSection
	GlobalSection(ProjectConfigurationPlatforms) = postSolution
		{BC19004C-57C3-FB81-51F9-5810D4BDB8EF}.Debug|Any CPU.ActiveCfg = Debug|Any CPU
		{BC19004C-57C3-FB81-51F9-5810D4BDB8EF}.Debug|Any CPU.Build.0 = Debug|Any CPU
		{BC19004C-57C3-FB81-51F9-5810D4BDB8EF}.Release|Any CPU.ActiveCfg = Release|Any CPU
		{BC19004C-57C3-FB81-51F9-5810D4BDB8EF}.Release|Any CPU.Build.0 = Release|Any CPU
	EndGlobalSection
	GlobalSection(SolutionProperties) = preSolution
		HideSolutionNode = FALSE
	EndGlobalSection
	GlobalSection(ExtensibilityGlobals) = postSolution
		SolutionGuid = {0BC494E1-B924-4200-B287-123C1DF80C79}
	EndGlobalSection
EndGlobal
